
Microsoft Visual Studio Solution File, Format Version 12.00
# Visual Studio Version 17
VisualStudioVersion = 17.0.31912.275
MinimumVisualStudioVersion = 10.0.40219.1
Project("{9A19103F-16F7-4668-BE54-9A1E7A4F7556}") = "CustomersAPI", "CustomersAPI\CustomersAPI.csproj", "{183BAF7B-E93D-4E90-BEB1-176011B86EFF}"
EndProject
Project("{9A19103F-16F7-4668-BE54-9A1E7A4F7556}") = "Contoso.Models", "Contoso.Models\Contoso.Models.csproj", "{BE22CB35-DBE1-495D-B710-BB059CC700AD}"
EndProject
Project("{FAE04EC0-301F-11D3-BF4B-00C04F79EFBC}") = "ContosoAPI", "ContosoAPI\ContosoAPI.csproj", "{C27928B2-0F32-4604-9156-7DC3CE613A8D}"
EndProject
Global
	GlobalSection(SolutionConfigurationPlatforms) = preSolution
		Debug|Any CPU = Debug|Any CPU
		Release|Any CPU = Release|Any CPU
	EndGlobalSection
	GlobalSection(ProjectConfigurationPlatforms) = postSolution
		{183BAF7B-E93D-4E90-BEB1-176011B86EFF}.Debug|Any CPU.ActiveCfg = Debug|Any CPU
		{183BAF7B-E93D-4E90-BEB1-176011B86EFF}.Debug|Any CPU.Build.0 = Debug|Any CPU
		{183BAF7B-E93D-4E90-BEB1-176011B86EFF}.Release|Any CPU.ActiveCfg = Release|Any CPU
		{183BAF7B-E93D-4E90-BEB1-176011B86EFF}.Release|Any CPU.Build.0 = Release|Any CPU
		{BE22CB35-DBE1-495D-B710-BB059CC700AD}.Debug|Any CPU.ActiveCfg = Debug|Any CPU
		{BE22CB35-DBE1-495D-B710-BB059CC700AD}.Debug|Any CPU.Build.0 = Debug|Any CPU
		{BE22CB35-DBE1-495D-B710-BB059CC700AD}.Release|Any CPU.ActiveCfg = Release|Any CPU
		{BE22CB35-DBE1-495D-B710-BB059CC700AD}.Release|Any CPU.Build.0 = Release|Any CPU
		{C27928B2-0F32-4604-9156-7DC3CE613A8D}.Debug|Any CPU.ActiveCfg = Debug|Any CPU
		{C27928B2-0F32-4604-9156-7DC3CE613A8D}.Debug|Any CPU.Build.0 = Debug|Any CPU
		{C27928B2-0F32-4604-9156-7DC3CE613A8D}.Release|Any CPU.ActiveCfg = Release|Any CPU
		{C27928B2-0F32-4604-9156-7DC3CE613A8D}.Release|Any CPU.Build.0 = Release|Any CPU
	EndGlobalSection
	GlobalSection(SolutionProperties) = preSolution
		HideSolutionNode = FALSE
	EndGlobalSection
	GlobalSection(ExtensibilityGlobals) = postSolution
		SolutionGuid = {A3ECE55D-B3DC-485B-8751-53BE645C374D}
	EndGlobalSection
EndGlobal
